
Microsoft Visual Studio Solution File, Format Version 12.00
# Visual Studio Version 16
VisualStudioVersion = 16.0.31129.286
MinimumVisualStudioVersion = 10.0.40219.1
Project("{9A19103F-16F7-4668-BE54-9A1E7A4F7556}") = "CarRentalAPI", "CarRentalAPI\CarRentalAPI.csproj", "{8A3E5DBF-F344-4F47-86D4-AE3877DE4FBC}"
EndProject
Project("{9A19103F-16F7-4668-BE54-9A1E7A4F7556}") = "CarRentalShop", "CarRentalShop\CarRentalShop.csproj", "{969559DC-59A8-4632-88D2-E711AB8C1495}"
EndProject
Global
	GlobalSection(SolutionConfigurationPlatforms) = preSolution
		Debug|Any CPU = Debug|Any CPU
		Release|Any CPU = Release|Any CPU
	EndGlobalSection
	GlobalSection(ProjectConfigurationPlatforms) = postSolution
		{8A3E5DBF-F344-4F47-86D4-AE3877DE4FBC}.Debug|Any CPU.ActiveCfg = Debug|Any CPU
		{8A3E5DBF-F344-4F47-86D4-AE3877DE4FBC}.Debug|Any CPU.Build.0 = Debug|Any CPU
		{8A3E5DBF-F344-4F47-86D4-AE3877DE4FBC}.Release|Any CPU.ActiveCfg = Release|Any CPU
		{8A3E5DBF-F344-4F47-86D4-AE3877DE4FBC}.Release|Any CPU.Build.0 = Release|Any CPU
		{969559DC-59A8-4632-88D2-E711AB8C1495}.Debug|Any CPU.ActiveCfg = Debug|Any CPU
		{969559DC-59A8-4632-88D2-E711AB8C1495}.Debug|Any CPU.Build.0 = Debug|Any CPU
		{969559DC-59A8-4632-88D2-E711AB8C1495}.Release|Any CPU.ActiveCfg = Release|Any CPU
		{969559DC-59A8-4632-88D2-E711AB8C1495}.Release|Any CPU.Build.0 = Release|Any CPU
	EndGlobalSection
	GlobalSection(SolutionProperties) = preSolution
		HideSolutionNode = FALSE
	EndGlobalSection
	GlobalSection(ExtensibilityGlobals) = postSolution
		SolutionGuid = {03D00B31-67F3-4C05-916E-B5DD05E8F456}
	EndGlobalSection
EndGlobal
